
Microsoft Visual Studio Solution File, Format Version 12.00
# Visual Studio Version 17
VisualStudioVersion = 17.13.35919.96
MinimumVisualStudioVersion = 10.0.40219.1
Project("{2150E333-8FDC-42A3-9474-1A3956D46DE8}") = "DLL", "DLL", "{02EA681E-C7D8-13C7-8484-4AC65E1B71E8}"
	ProjectSection(SolutionItems) = preProject
		DLL\JJ.NET.Core.dll = DLL\JJ.NET.Core.dll
		DLL\JJ.NET.CrossData.dll = DLL\JJ.NET.CrossData.dll
		DLL\JJ.NET.Cryptography.dll = DLL\JJ.NET.Cryptography.dll
		DLL\JJ.NET.Data.dll = DLL\JJ.NET.Data.dll
	EndProjectSection
EndProject
Project("{2150E333-8FDC-42A3-9474-1A3956D46DE8}") = "GS", "GS", "{AB82EE71-35F4-4B49-8CBC-99CA3FFA3418}"
EndProject
Project("{FAE04EC0-301F-11D3-BF4B-00C04F79EFBC}") = "GerenciadorDeSenhas", "GS\GerenciadorDeSenhas\GerenciadorDeSenhas.csproj", "{A82F2E8B-2656-4781-967B-F13609E56C96}"
EndProject
Project("{FAE04EC0-301F-11D3-BF4B-00C04F79EFBC}") = "GSApplication", "GS\GSApplication\GSApplication.csproj", "{568FCF11-A6B6-44B7-B269-4B9D059215C4}"
EndProject
Project("{FAE04EC0-301F-11D3-BF4B-00C04F79EFBC}") = "GSDomain", "GS\GSDomain\GSDomain.csproj", "{69358944-00ED-4DE2-8FBF-E4EB5A8A01D7}"
EndProject
Project("{FAE04EC0-301F-11D3-BF4B-00C04F79EFBC}") = "GSInfraData", "GS\GSInfraData\GSInfraData.csproj", "{B4AF0D15-F214-4DF2-B0FC-759A3C684764}"
EndProject
Global
	GlobalSection(SolutionConfigurationPlatforms) = preSolution
		Debug|ARM64 = Debug|ARM64
		Debug|x64 = Debug|x64
		Debug|x86 = Debug|x86
		Release|ARM64 = Release|ARM64
		Release|x64 = Release|x64
		Release|x86 = Release|x86
	EndGlobalSection
	GlobalSection(ProjectConfigurationPlatforms) = postSolution
		{A82F2E8B-2656-4781-967B-F13609E56C96}.Debug|ARM64.ActiveCfg = Debug|ARM64
		{A82F2E8B-2656-4781-967B-F13609E56C96}.Debug|ARM64.Build.0 = Debug|ARM64
		{A82F2E8B-2656-4781-967B-F13609E56C96}.Debug|ARM64.Deploy.0 = Debug|ARM64
		{A82F2E8B-2656-4781-967B-F13609E56C96}.Debug|x64.ActiveCfg = Debug|x64
		{A82F2E8B-2656-4781-967B-F13609E56C96}.Debug|x64.Build.0 = Debug|x64
		{A82F2E8B-2656-4781-967B-F13609E56C96}.Debug|x64.Deploy.0 = Debug|x64
		{A82F2E8B-2656-4781-967B-F13609E56C96}.Debug|x86.ActiveCfg = Debug|x86
		{A82F2E8B-2656-4781-967B-F13609E56C96}.Debug|x86.Build.0 = Debug|x86
		{A82F2E8B-2656-4781-967B-F13609E56C96}.Debug|x86.Deploy.0 = Debug|x86
		{A82F2E8B-2656-4781-967B-F13609E56C96}.Release|ARM64.ActiveCfg = Release|ARM64
		{A82F2E8B-2656-4781-967B-F13609E56C96}.Release|ARM64.Build.0 = Release|ARM64
		{A82F2E8B-2656-4781-967B-F13609E56C96}.Release|ARM64.Deploy.0 = Release|ARM64
		{A82F2E8B-2656-4781-967B-F13609E56C96}.Release|x64.ActiveCfg = Release|x64
		{A82F2E8B-2656-4781-967B-F13609E56C96}.Release|x64.Build.0 = Release|x64
		{A82F2E8B-2656-4781-967B-F13609E56C96}.Release|x64.Deploy.0 = Release|x64
		{A82F2E8B-2656-4781-967B-F13609E56C96}.Release|x86.ActiveCfg = Release|x86
		{A82F2E8B-2656-4781-967B-F13609E56C96}.Release|x86.Build.0 = Release|x86
		{A82F2E8B-2656-4781-967B-F13609E56C96}.Release|x86.Deploy.0 = Release|x86
		{568FCF11-A6B6-44B7-B269-4B9D059215C4}.Debug|ARM64.ActiveCfg = Debug|Any CPU
		{568FCF11-A6B6-44B7-B269-4B9D059215C4}.Debug|ARM64.Build.0 = Debug|Any CPU
		{568FCF11-A6B6-44B7-B269-4B9D059215C4}.Debug|x64.ActiveCfg = Debug|Any CPU
		{568FCF11-A6B6-44B7-B269-4B9D059215C4}.Debug|x64.Build.0 = Debug|Any CPU
		{568FCF11-A6B6-44B7-B269-4B9D059215C4}.Debug|x86.ActiveCfg = Debug|Any CPU
		{568FCF11-A6B6-44B7-B269-4B9D059215C4}.Debug|x86.Build.0 = Debug|Any CPU
		{568FCF11-A6B6-44B7-B269-4B9D059215C4}.Release|ARM64.ActiveCfg = Release|Any CPU
		{568FCF11-A6B6-44B7-B269-4B9D059215C4}.Release|ARM64.Build.0 = Release|Any CPU
		{568FCF11-A6B6-44B7-B269-4B9D059215C4}.Release|x64.ActiveCfg = Release|Any CPU
		{568FCF11-A6B6-44B7-B269-4B9D059215C4}.Release|x64.Build.0 = Release|Any CPU
		{568FCF11-A6B6-44B7-B269-4B9D059215C4}.Release|x86.ActiveCfg = Release|Any CPU
		{568FCF11-A6B6-44B7-B269-4B9D059215C4}.Release|x86.Build.0 = Release|Any CPU
		{69358944-00ED-4DE2-8FBF-E4EB5A8A01D7}.Debug|ARM64.ActiveCfg = Debug|Any CPU
		{69358944-00ED-4DE2-8FBF-E4EB5A8A01D7}.Debug|ARM64.Build.0 = Debug|Any CPU
		{69358944-00ED-4DE2-8FBF-E4EB5A8A01D7}.Debug|x64.ActiveCfg = Debug|Any CPU
		{69358944-00ED-4DE2-8FBF-E4EB5A8A01D7}.Debug|x64.Build.0 = Debug|Any CPU
		{69358944-00ED-4DE2-8FBF-E4EB5A8A01D7}.Debug|x86.ActiveCfg = Debug|Any CPU
		{69358944-00ED-4DE2-8FBF-E4EB5A8A01D7}.Debug|x86.Build.0 = Debug|Any CPU
		{69358944-00ED-4DE2-8FBF-E4EB5A8A01D7}.Release|ARM64.ActiveCfg = Release|Any CPU
		{69358944-00ED-4DE2-8FBF-E4EB5A8A01D7}.Release|ARM64.Build.0 = Release|Any CPU
		{69358944-00ED-4DE2-8FBF-E4EB5A8A01D7}.Release|x64.ActiveCfg = Release|Any CPU
		{69358944-00ED-4DE2-8FBF-E4EB5A8A01D7}.Release|x64.Build.0 = Release|Any CPU
		{69358944-00ED-4DE2-8FBF-E4EB5A8A01D7}.Release|x86.ActiveCfg = Release|Any CPU
		{69358944-00ED-4DE2-8FBF-E4EB5A8A01D7}.Release|x86.Build.0 = Release|Any CPU
		{B4AF0D15-F214-4DF2-B0FC-759A3C684764}.Debug|ARM64.ActiveCfg = Debug|Any CPU
		{B4AF0D15-F214-4DF2-B0FC-759A3C684764}.Debug|ARM64.Build.0 = Debug|Any CPU
		{B4AF0D15-F214-4DF2-B0FC-759A3C684764}.Debug|x64.ActiveCfg = Debug|Any CPU
		{B4AF0D15-F214-4DF2-B0FC-759A3C684764}.Debug|x64.Build.0 = Debug|Any CPU
		{B4AF0D15-F214-4DF2-B0FC-759A3C684764}.Debug|x86.ActiveCfg = Debug|Any CPU
		{B4AF0D15-F214-4DF2-B0FC-759A3C684764}.Debug|x86.Build.0 = Debug|Any CPU
		{B4AF0D15-F214-4DF2-B0FC-759A3C684764}.Release|ARM64.ActiveCfg = Release|Any CPU
		{B4AF0D15-F214-4DF2-B0FC-759A3C684764}.Release|ARM64.Build.0 = Release|Any CPU
		{B4AF0D15-F214-4DF2-B0FC-759A3C684764}.Release|x64.ActiveCfg = Release|Any CPU
		{B4AF0D15-F214-4DF2-B0FC-759A3C684764}.Release|x64.Build.0 = Release|Any CPU
		{B4AF0D15-F214-4DF2-B0FC-759A3C684764}.Release|x86.ActiveCfg = Release|Any CPU
		{B4AF0D15-F214-4DF2-B0FC-759A3C684764}.Release|x86.Build.0 = Release|Any CPU
	EndGlobalSection
	GlobalSection(SolutionProperties) = preSolution
		HideSolutionNode = FALSE
	EndGlobalSection
	GlobalSection(NestedProjects) = preSolution
		{A82F2E8B-2656-4781-967B-F13609E56C96} = {AB82EE71-35F4-4B49-8CBC-99CA3FFA3418}
		{568FCF11-A6B6-44B7-B269-4B9D059215C4} = {AB82EE71-35F4-4B49-8CBC-99CA3FFA3418}
		{69358944-00ED-4DE2-8FBF-E4EB5A8A01D7} = {AB82EE71-35F4-4B49-8CBC-99CA3FFA3418}
		{B4AF0D15-F214-4DF2-B0FC-759A3C684764} = {AB82EE71-35F4-4B49-8CBC-99CA3FFA3418}
	EndGlobalSection
	GlobalSection(ExtensibilityGlobals) = postSolution
		SolutionGuid = {D55BB3A6-73ED-4CD7-91C0-9EAC2E19DFAD}
	EndGlobalSection
EndGlobal
